
Microsoft Visual Studio Solution File, Format Version 12.00
# Visual Studio Version 17
VisualStudioVersion = 17.5.33627.172
MinimumVisualStudioVersion = 10.0.40219.1
Project("{9A19103F-16F7-4668-BE54-9A1E7A4F7556}") = "API", "API\API.csproj", "{EE8097C9-D911-49E8-911E-25D3E98BBDB5}"
EndProject
Project("{FAE04EC0-301F-11D3-BF4B-00C04F79EFBC}") = "Google.Apis.Walletobjects.v1", "google-walletobjects-v1-rev_20221109-csharp\Google.Apis.Walletobjects.v1.csproj", "{6745AAF1-A1B5-4C28-8B33-195FA88BCDAF}"
EndProject
Project("{FAE04EC0-301F-11D3-BF4B-00C04F79EFBC}") = "Business", "Business\Business.csproj", "{3F4EB1FF-B4CC-4C94-A218-34EF48D16941}"
EndProject
Global
	GlobalSection(SolutionConfigurationPlatforms) = preSolution
		Debug|Any CPU = Debug|Any CPU
		Release|Any CPU = Release|Any CPU
		ReleaseSigned|Any CPU = ReleaseSigned|Any CPU
	EndGlobalSection
	GlobalSection(ProjectConfigurationPlatforms) = postSolution
		{EE8097C9-D911-49E8-911E-25D3E98BBDB5}.Debug|Any CPU.ActiveCfg = Debug|Any CPU
		{EE8097C9-D911-49E8-911E-25D3E98BBDB5}.Debug|Any CPU.Build.0 = Debug|Any CPU
		{EE8097C9-D911-49E8-911E-25D3E98BBDB5}.Release|Any CPU.ActiveCfg = Release|Any CPU
		{EE8097C9-D911-49E8-911E-25D3E98BBDB5}.Release|Any CPU.Build.0 = Release|Any CPU
		{EE8097C9-D911-49E8-911E-25D3E98BBDB5}.ReleaseSigned|Any CPU.ActiveCfg = Release|Any CPU
		{EE8097C9-D911-49E8-911E-25D3E98BBDB5}.ReleaseSigned|Any CPU.Build.0 = Release|Any CPU
		{6745AAF1-A1B5-4C28-8B33-195FA88BCDAF}.Debug|Any CPU.ActiveCfg = Debug|Any CPU
		{6745AAF1-A1B5-4C28-8B33-195FA88BCDAF}.Debug|Any CPU.Build.0 = Debug|Any CPU
		{6745AAF1-A1B5-4C28-8B33-195FA88BCDAF}.Release|Any CPU.ActiveCfg = Release|Any CPU
		{6745AAF1-A1B5-4C28-8B33-195FA88BCDAF}.Release|Any CPU.Build.0 = Release|Any CPU
		{6745AAF1-A1B5-4C28-8B33-195FA88BCDAF}.ReleaseSigned|Any CPU.ActiveCfg = ReleaseSigned|Any CPU
		{6745AAF1-A1B5-4C28-8B33-195FA88BCDAF}.ReleaseSigned|Any CPU.Build.0 = ReleaseSigned|Any CPU
		{3F4EB1FF-B4CC-4C94-A218-34EF48D16941}.Debug|Any CPU.ActiveCfg = Debug|Any CPU
		{3F4EB1FF-B4CC-4C94-A218-34EF48D16941}.Debug|Any CPU.Build.0 = Debug|Any CPU
		{3F4EB1FF-B4CC-4C94-A218-34EF48D16941}.Release|Any CPU.ActiveCfg = Release|Any CPU
		{3F4EB1FF-B4CC-4C94-A218-34EF48D16941}.Release|Any CPU.Build.0 = Release|Any CPU
		{3F4EB1FF-B4CC-4C94-A218-34EF48D16941}.ReleaseSigned|Any CPU.ActiveCfg = Release|Any CPU
		{3F4EB1FF-B4CC-4C94-A218-34EF48D16941}.ReleaseSigned|Any CPU.Build.0 = Release|Any CPU
	EndGlobalSection
	GlobalSection(SolutionProperties) = preSolution
		HideSolutionNode = FALSE
	EndGlobalSection
	GlobalSection(ExtensibilityGlobals) = postSolution
		SolutionGuid = {C680D0C6-3B75-47FC-9670-90E162A47B3D}
	EndGlobalSection
EndGlobal
